// !$*UTF8*$!
{
	archiveVersion = 1;
	classes = {
	};
	objectVersion = 48;
	objects = {

/* Begin PBXBuildFile section */
		024B38E4C11E00AA5C091707 /* Pods_ID_Project_iOS.framework in Frameworks */ = {isa = PBXBuildFile; fileRef = 6FDD76206F12A423CBC222E1 /* Pods_ID_Project_iOS.framework */; };
		BEC4264D21C15EE400EF117D /* AppDelegate.swift in Sources */ = {isa = PBXBuildFile; fileRef = BEC4264C21C15EE400EF117D /* AppDelegate.swift */; };
		BEC4264F21C15EE400EF117D /* ViewController.swift in Sources */ = {isa = PBXBuildFile; fileRef = BEC4264E21C15EE400EF117D /* ViewController.swift */; };
		BEC4265221C15EE400EF117D /* Main.storyboard in Resources */ = {isa = PBXBuildFile; fileRef = BEC4265021C15EE400EF117D /* Main.storyboard */; };
		BEC4265421C15EE400EF117D /* Assets.xcassets in Resources */ = {isa = PBXBuildFile; fileRef = BEC4265321C15EE400EF117D /* Assets.xcassets */; };
		BEC4265721C15EE400EF117D /* LaunchScreen.storyboard in Resources */ = {isa = PBXBuildFile; fileRef = BEC4265521C15EE400EF117D /* LaunchScreen.storyboard */; };
/* End PBXBuildFile section */

/* Begin PBXFileReference section */
		320AC010FA05EC64C91F527D /* Pods-ID_Project_iOS.debug.xcconfig */ = {isa = PBXFileReference; includeInIndex = 1; lastKnownFileType = text.xcconfig; name = "Pods-ID_Project_iOS.debug.xcconfig"; path = "Pods/Target Support Files/Pods-ID_Project_iOS/Pods-ID_Project_iOS.debug.xcconfig"; sourceTree = "<group>"; };
		6FDD76206F12A423CBC222E1 /* Pods_ID_Project_iOS.framework */ = {isa = PBXFileReference; explicitFileType = wrapper.framework; includeInIndex = 0; path = Pods_ID_Project_iOS.framework; sourceTree = BUILT_PRODUCTS_DIR; };
		BEC4264921C15EE400EF117D /* ID_Project_iOS.app */ = {isa = PBXFileReference; explicitFileType = wrapper.application; includeInIndex = 0; path = ID_Project_iOS.app; sourceTree = BUILT_PRODUCTS_DIR; };
		BEC4264C21C15EE400EF117D /* AppDelegate.swift */ = {isa = PBXFileReference; lastKnownFileType = sourcecode.swift; path = AppDelegate.swift; sourceTree = "<group>"; };
		BEC4264E21C15EE400EF117D /* ViewController.swift */ = {isa = PBXFileReference; lastKnownFileType = sourcecode.swift; path = ViewController.swift; sourceTree = "<group>"; };
		BEC4265121C15EE400EF117D /* Base */ = {isa = PBXFileReference; lastKnownFileType = file.storyboard; name = Base; path = Base.lproj/Main.storyboard; sourceTree = "<group>"; };
		BEC4265321C15EE400EF117D /* Assets.xcassets */ = {isa = PBXFileReference; lastKnownFileType = folder.assetcatalog; path = Assets.xcassets; sourceTree = "<group>"; };
		BEC4265621C15EE400EF117D /* Base */ = {isa = PBXFileReference; lastKnownFileType = file.storyboard; name = Base; path = Base.lproj/LaunchScreen.storyboard; sourceTree = "<group>"; };
		BEC4265821C15EE400EF117D /* Info.plist */ = {isa = PBXFileReference; lastKnownFileType = text.plist.xml; path = Info.plist; sourceTree = "<group>"; };
		C1144E72A7DD4B43DEAC68A0 /* Pods-ID_Project_iOS.release.xcconfig */ = {isa = PBXFileReference; includeInIndex = 1; lastKnownFileType = text.xcconfig; name = "Pods-ID_Project_iOS.release.xcconfig"; path = "Pods/Target Support Files/Pods-ID_Project_iOS/Pods-ID_Project_iOS.release.xcconfig"; sourceTree = "<group>"; };
/* End PBXFileReference section */

/* Begin PBXFrameworksBuildPhase section */
		BEC4264621C15EE400EF117D /* Frameworks */ = {
			isa = PBXFrameworksBuildPhase;
			buildActionMask = 2147483647;
			files = (
				024B38E4C11E00AA5C091707 /* Pods_ID_Project_iOS.framework in Frameworks */,
			);
			runOnlyForDeploymentPostprocessing = 0;
		};
/* End PBXFrameworksBuildPhase section */

/* Begin PBXGroup section */
		2514A16C19C5109AB6A2CAB8 /* Frameworks */ = {
			isa = PBXGroup;
			children = (
				6FDD76206F12A423CBC222E1 /* Pods_ID_Project_iOS.framework */,
			);
			name = Frameworks;
			sourceTree = "<group>";
		};
		BEC4264021C15EE400EF117D = {
			isa = PBXGroup;
			children = (
				BEC4264B21C15EE400EF117D /* ID_Project_iOS */,
				BEC4264A21C15EE400EF117D /* Products */,
				DFB9838897063F54B0FC7C9C /* Pods */,
				2514A16C19C5109AB6A2CAB8 /* Frameworks */,
			);
			sourceTree = "<group>";
		};
		BEC4264A21C15EE400EF117D /* Products */ = {
			isa = PBXGroup;
			children = (
				BEC4264921C15EE400EF117D /* ID_Project_iOS.app */,
			);
			name = Products;
			sourceTree = "<group>";
		};
		BEC4264B21C15EE400EF117D /* ID_Project_iOS */ = {
			isa = PBXGroup;
			children = (
				BEC4264C21C15EE400EF117D /* AppDelegate.swift */,
				BEC4264E21C15EE400EF117D /* ViewController.swift */,
				BEC4265021C15EE400EF117D /* Main.storyboard */,
				BEC4265321C15EE400EF117D /* Assets.xcassets */,
				BEC4265521C15EE400EF117D /* LaunchScreen.storyboard */,
				BEC4265821C15EE400EF117D /* Info.plist */,
			);
			path = ID_Project_iOS;
			sourceTree = "<group>";
		};
		DFB9838897063F54B0FC7C9C /* Pods */ = {
			isa = PBXGroup;
			children = (
				320AC010FA05EC64C91F527D /* Pods-ID_Project_iOS.debug.xcconfig */,
				C1144E72A7DD4B43DEAC68A0 /* Pods-ID_Project_iOS.release.xcconfig */,
			);
			name = Pods;
			sourceTree = "<group>";
		};
/* End PBXGroup section */

/* Begin PBXNativeTarget section */
		BEC4264821C15EE400EF117D /* ID_Project_iOS */ = {
			isa = PBXNativeTarget;
			buildConfigurationList = BEC4265B21C15EE400EF117D /* Build configuration list for PBXNativeTarget "ID_Project_iOS" */;
			buildPhases = (
				32F09241FF2AE3A2137AC322 /* [CP] Check Pods Manifest.lock */,
				BEC4264521C15EE400EF117D /* Sources */,
				BEC4264621C15EE400EF117D /* Frameworks */,
				BEC4264721C15EE400EF117D /* Resources */,
				9631DE7B07C9639BCC7145AC /* [CP] Embed Pods Frameworks */,
			);
			buildRules = (
			);
			dependencies = (
			);
			name = ID_Project_iOS;
			productName = ID_Project_iOS;
			productReference = BEC4264921C15EE400EF117D /* ID_Project_iOS.app */;
			productType = "com.apple.product-type.application";
		};
/* End PBXNativeTarget section */

/* Begin PBXProject section */
		BEC4264121C15EE400EF117D /* Project object */ = {
			isa = PBXProject;
			attributes = {
				LastSwiftUpdateCheck = 0910;
				LastUpgradeCheck = 0910;
				ORGANIZATIONNAME = Gladwin;
				TargetAttributes = {
					BEC4264821C15EE400EF117D = {
						CreatedOnToolsVersion = 9.1;
						ProvisioningStyle = Automatic;
					};
				};
			};
			buildConfigurationList = BEC4264421C15EE400EF117D /* Build configuration list for PBXProject "ID_Project_iOS" */;
			compatibilityVersion = "Xcode 8.0";
			developmentRegion = en;
			hasScannedForEncodings = 0;
			knownRegions = (
				en,
				Base,
			);
			mainGroup = BEC4264021C15EE400EF117D;
			productRefGroup = BEC4264A21C15EE400EF117D /* Products */;
			projectDirPath = "";
			projectRoot = "";
			targets = (
				BEC4264821C15EE400EF117D /* ID_Project_iOS */,
			);
		};
/* End PBXProject section */

/* Begin PBXResourcesBuildPhase section */
		BEC4264721C15EE400EF117D /* Resources */ = {
			isa = PBXResourcesBuildPhase;
			buildActionMask = 2147483647;
			files = (
				BEC4265721C15EE400EF117D /* LaunchScreen.storyboard in Resources */,
				BEC4265421C15EE400EF117D /* Assets.xcassets in Resources */,
				BEC4265221C15EE400EF117D /* Main.storyboard in Resources */,
			);
			runOnlyForDeploymentPostprocessing = 0;
		};
/* End PBXResourcesBuildPhase section */

/* Begin PBXShellScriptBuildPhase section */
		32F09241FF2AE3A2137AC322 /* [CP] Check Pods Manifest.lock */ = {
			isa = PBXShellScriptBuildPhase;
			buildActionMask = 2147483647;
			files = (
			);
			inputFileListPaths = (
			);
			inputPaths = (
				"${PODS_PODFILE_DIR_PATH}/Podfile.lock",
				"${PODS_ROOT}/Manifest.lock",
			);
			name = "[CP] Check Pods Manifest.lock";
			outputFileListPaths = (
			);
			outputPaths = (
				"$(DERIVED_FILE_DIR)/Pods-ID_Project_iOS-checkManifestLockResult.txt",
			);
			runOnlyForDeploymentPostprocessing = 0;
			shellPath = /bin/sh;
			shellScript = "diff \"${PODS_PODFILE_DIR_PATH}/Podfile.lock\" \"${PODS_ROOT}/Manifest.lock\" > /dev/null\nif [ $? != 0 ] ; then\n    # print error to STDERR\n    echo \"error: The sandbox is not in sync with the Podfile.lock. Run 'pod install' or update your CocoaPods installation.\" >&2\n    exit 1\nfi\n# This output is used by Xcode 'outputs' to avoid re-running this script phase.\necho \"SUCCESS\" > \"${SCRIPT_OUTPUT_FILE_0}\"\n";
			showEnvVarsInLog = 0;
		};
		9631DE7B07C9639BCC7145AC /* [CP] Embed Pods Frameworks */ = {
			isa = PBXShellScriptBuildPhase;
			buildActionMask = 2147483647;
			files = (
			);
			inputFileListPaths = (
			);
			inputPaths = (
				"${SRCROOT}/Pods/Target Support Files/Pods-ID_Project_iOS/Pods-ID_Project_iOS-frameworks.sh",
				"${BUILT_PRODUCTS_DIR}/CocoaAsyncSocket/CocoaAsyncSocket.framework",
				"${BUILT_PRODUCTS_DIR}/CocoaMQTT/CocoaMQTT.framework",
				"${BUILT_PRODUCTS_DIR}/SwiftyTimer/SwiftyTimer.framework",
			);
			name = "[CP] Embed Pods Frameworks";
			outputFileListPaths = (
			);
			outputPaths = (
				"${TARGET_BUILD_DIR}/${FRAMEWORKS_FOLDER_PATH}/CocoaAsyncSocket.framework",
				"${TARGET_BUILD_DIR}/${FRAMEWORKS_FOLDER_PATH}/CocoaMQTT.framework",
				"${TARGET_BUILD_DIR}/${FRAMEWORKS_FOLDER_PATH}/SwiftyTimer.framework",
			);
			runOnlyForDeploymentPostprocessing = 0;
			shellPath = /bin/sh;
			shellScript = "\"${SRCROOT}/Pods/Target Support Files/Pods-ID_Project_iOS/Pods-ID_Project_iOS-frameworks.sh\"\n";
			showEnvVarsInLog = 0;
		};
/* End PBXShellScriptBuildPhase section */

/* Begin PBXSourcesBuildPhase section */
		BEC4264521C15EE400EF117D /* Sources */ = {
			isa = PBXSourcesBuildPhase;
			buildActionMask = 2147483647;
			files = (
				BEC4264F21C15EE400EF117D /* ViewController.swift in Sources */,
				BEC4264D21C15EE400EF117D /* AppDelegate.swift in Sources */,
			);
			runOnlyForDeploymentPostprocessing = 0;
		};
/* End PBXSourcesBuildPhase section */

/* Begin PBXVariantGroup section */
		BEC4265021C15EE400EF117D /* Main.storyboard */ = {
			isa = PBXVariantGroup;
			children = (
				BEC4265121C15EE400EF117D /* Base */,
			);
			name = Main.storyboard;
			sourceTree = "<group>";
		};
		BEC4265521C15EE400EF117D /* LaunchScreen.storyboard */ = {
			isa = PBXVariantGroup;
			children = (
				BEC4265621C15EE400EF117D /* Base */,
			);
			name = LaunchScreen.storyboard;
			sourceTree = "<group>";
		};
/* End PBXVariantGroup section */

/* Begin XCBuildConfiguration section */
		BEC4265921C15EE400EF117D /* Debug */ = {
			isa = XCBuildConfiguration;
			buildSettings = {
				ALWAYS_SEARCH_USER_PATHS = NO;
				CLANG_ANALYZER_NONNULL = YES;
				CLANG_ANALYZER_NUMBER_OBJECT_CONVERSION = YES_AGGRESSIVE;
				CLANG_CXX_LANGUAGE_STANDARD = "gnu++14";
				CLANG_CXX_LIBRARY = "libc++";
				CLANG_ENABLE_MODULES = YES;
				CLANG_ENABLE_OBJC_ARC = YES;
				CLANG_WARN_BLOCK_CAPTURE_AUTORELEASING = YES;
				CLANG_WARN_BOOL_CONVERSION = YES;
				CLANG_WARN_COMMA = YES;
				CLANG_WARN_CONSTANT_CONVERSION = YES;
				CLANG_WARN_DIRECT_OBJC_ISA_USAGE = YES_ERROR;
				CLANG_WARN_DOCUMENTATION_COMMENTS = YES;
				CLANG_WARN_EMPTY_BODY = YES;
				CLANG_WARN_ENUM_CONVERSION = YES;
				CLANG_WARN_INFINITE_RECURSION = YES;
				CLANG_WARN_INT_CONVERSION = YES;
				CLANG_WARN_NON_LITERAL_NULL_CONVERSION = YES;
				CLANG_WARN_OBJC_LITERAL_CONVERSION = YES;
				CLANG_WARN_OBJC_ROOT_CLASS = YES_ERROR;
				CLANG_WARN_RANGE_LOOP_ANALYSIS = YES;
				CLANG_WARN_STRICT_PROTOTYPES = YES;
				CLANG_WARN_SUSPICIOUS_MOVE = YES;
				CLANG_WARN_UNGUARDED_AVAILABILITY = YES_AGGRESSIVE;
				CLANG_WARN_UNREACHABLE_CODE = YES;
				CLANG_WARN__DUPLICATE_METHOD_MATCH = YES;
				CODE_SIGN_IDENTITY = "iPhone Developer";
				COPY_PHASE_STRIP = NO;
				DEBUG_INFORMATION_FORMAT = dwarf;
				ENABLE_STRICT_OBJC_MSGSEND = YES;
				ENABLE_TESTABILITY = YES;
				GCC_C_LANGUAGE_STANDARD = gnu11;
				GCC_DYNAMIC_NO_PIC = NO;
				GCC_NO_COMMON_BLOCKS = YES;
				GCC_OPTIMIZATION_LEVEL = 0;
				GCC_PREPROCESSOR_DEFINITIONS = (
					"DEBUG=1",
					"$(inherited)",
				);
				GCC_WARN_64_TO_32_BIT_CONVERSION = YES;
				GCC_WARN_ABOUT_RETURN_TYPE = YES_ERROR;
				GCC_WARN_UNDECLARED_SELECTOR = YES;
				GCC_WARN_UNINITIALIZED_AUTOS = YES_AGGRESSIVE;
				GCC_WARN_UNUSED_FUNCTION = YES;
				GCC_WARN_UNUSED_VARIABLE = YES;
				IPHONEOS_DEPLOYMENT_TARGET = 11.1;
				MTL_ENABLE_DEBUG_INFO = YES;
				ONLY_ACTIVE_ARCH = YES;
				SDKROOT = iphoneos;
				SWIFT_ACTIVE_COMPILATION_CONDITIONS = DEBUG;
				SWIFT_OPTIMIZATION_LEVEL = "-Onone";
			};
			name = Debug;
		};
		BEC4265A21C15EE400EF117D /* Release */ = {
			isa = XCBuildConfiguration;
			buildSettings = {
				ALWAYS_SEARCH_USER_PATHS = NO;
				CLANG_ANALYZER_NONNULL = YES;
				CLANG_ANALYZER_NUMBER_OBJECT_CONVERSION = YES_AGGRESSIVE;
				CLANG_CXX_LANGUAGE_STANDARD = "gnu++14";
				CLANG_CXX_LIBRARY = "libc++";
				CLANG_ENABLE_MODULES = YES;
				CLANG_ENABLE_OBJC_ARC = YES;
				CLANG_WARN_BLOCK_CAPTURE_AUTORELEASING = YES;
				CLANG_WARN_BOOL_CONVERSION = YES;
				CLANG_WARN_COMMA = YES;
				CLANG_WARN_CONSTANT_CONVERSION = YES;
				CLANG_WARN_DIRECT_OBJC_ISA_USAGE = YES_ERROR;
				CLANG_WARN_DOCUMENTATION_COMMENTS = YES;
				CLANG_WARN_EMPTY_BODY = YES;
				CLANG_WARN_ENUM_CONVERSION = YES;
				CLANG_WARN_INFINITE_RECURSION = YES;
				CLANG_WARN_INT_CONVERSION = YES;
				CLANG_WARN_NON_LITERAL_NULL_CONVERSION = YES;
				CLANG_WARN_OBJC_LITERAL_CONVERSION = YES;
				CLANG_WARN_OBJC_ROOT_CLASS = YES_ERROR;
				CLANG_WARN_RANGE_LOOP_ANALYSIS = YES;
				CLANG_WARN_STRICT_PROTOTYPES = YES;
				CLANG_WARN_SUSPICIOUS_MOVE = YES;
				CLANG_WARN_UNGUARDED_AVAILABILITY = YES_AGGRESSIVE;
				CLANG_WARN_UNREACHABLE_CODE = YES;
				CLANG_WARN__DUPLICATE_METHOD_MATCH = YES;
				CODE_SIGN_IDENTITY = "iPhone Developer";
				COPY_PHASE_STRIP = NO;
				DEBUG_INFORMATION_FORMAT = "dwarf-with-dsym";
				ENABLE_NS_ASSERTIONS = NO;
				ENABLE_STRICT_OBJC_MSGSEND = YES;
				GCC_C_LANGUAGE_STANDARD = gnu11;
				GCC_NO_COMMON_BLOCKS = YES;
				GCC_WARN_64_TO_32_BIT_CONVERSION = YES;
				GCC_WARN_ABOUT_RETURN_TYPE = YES_ERROR;
				GCC_WARN_UNDECLARED_SELECTOR = YES;
				GCC_WARN_UNINITIALIZED_AUTOS = YES_AGGRESSIVE;
				GCC_WARN_UNUSED_FUNCTION = YES;
				GCC_WARN_UNUSED_VARIABLE = YES;
				IPHONEOS_DEPLOYMENT_TARGET = 11.1;
				MTL_ENABLE_DEBUG_INFO = NO;
				SDKROOT = iphoneos;
				SWIFT_OPTIMIZATION_LEVEL = "-Owholemodule";
				VALIDATE_PRODUCT = YES;
			};
			name = Release;
		};
		BEC4265C21C15EE400EF117D /* Debug */ = {
			isa = XCBuildConfiguration;
			baseConfigurationReference = 320AC010FA05EC64C91F527D /* Pods-ID_Project_iOS.debug.xcconfig */;
			buildSettings = {
				ASSETCATALOG_COMPILER_APPICON_NAME = AppIcon;
				CODE_SIGN_STYLE = Automatic;
				DEVELOPMENT_TEAM = FSD88N3NS6;
				INFOPLIST_FILE = ID_Project_iOS/Info.plist;
				LD_RUNPATH_SEARCH_PATHS = "$(inherited) @executable_path/Frameworks";
				PRODUCT_BUNDLE_IDENTIFIER = "Gladwin.ID-Project-iOS";
				PRODUCT_NAME = "$(TARGET_NAME)";
				SWIFT_VERSION = 4.0;
				TARGETED_DEVICE_FAMILY = "1,2";
			};
			name = Debug;
		};
		BEC4265D21C15EE400EF117D /* Release */ = {
			isa = XCBuildConfiguration;
			baseConfigurationReference = C1144E72A7DD4B43DEAC68A0 /* Pods-ID_Project_iOS.release.xcconfig */;
			buildSettings = {
				ASSETCATALOG_COMPILER_APPICON_NAME = AppIcon;
				CODE_SIGN_STYLE = Automatic;
				DEVELOPMENT_TEAM = FSD88N3NS6;
				INFOPLIST_FILE = ID_Project_iOS/Info.plist;
				LD_RUNPATH_SEARCH_PATHS = "$(inherited) @executable_path/Frameworks";
				PRODUCT_BUNDLE_IDENTIFIER = "Gladwin.ID-Project-iOS";
				PRODUCT_NAME = "$(TARGET_NAME)";
				SWIFT_VERSION = 4.0;
				TARGETED_DEVICE_FAMILY = "1,2";
			};
			name = Release;
		};
/* End XCBuildConfiguration section */

/* Begin XCConfigurationList section */
		BEC4264421C15EE400EF117D /* Build configuration list for PBXProject "ID_Project_iOS" */ = {
			isa = XCConfigurationList;
			buildConfigurations = (
				BEC4265921C15EE400EF117D /* Debug */,
				BEC4265A21C15EE400EF117D /* Release */,
			);
			defaultConfigurationIsVisible = 0;
			defaultConfigurationName = Release;
		};
		BEC4265B21C15EE400EF117D /* Build configuration list for PBXNativeTarget "ID_Project_iOS" */ = {
			isa = XCConfigurationList;
			buildConfigurations = (
				BEC4265C21C15EE400EF117D /* Debug */,
				BEC4265D21C15EE400EF117D /* Release */,
			);
			defaultConfigurationIsVisible = 0;
			defaultConfigurationName = Release;
		};
/* End XCConfigurationList section */
	};
	rootObject = BEC4264121C15EE400EF117D /* Project object */;
}
